// !$*UTF8*$!
{
	archiveVersion = 1;
	classes = {
	};
	objectVersion = 77;
	objects = {

/* Begin PBXContainerItemProxy section */
		60336C862D04AE8C003435C4 /* PBXContainerItemProxy */ = {
			isa = PBXContainerItemProxy;
			containerPortal = 60336C6A2D04AE89003435C4 /* Project object */;
			proxyType = 1;
			remoteGlobalIDString = 60336C712D04AE89003435C4;
			remoteInfo = TipCalculatorMac;
		};
		60336C902D04AE8C003435C4 /* PBXContainerItemProxy */ = {
			isa = PBXContainerItemProxy;
			containerPortal = 60336C6A2D04AE89003435C4 /* Project object */;
			proxyType = 1;
			remoteGlobalIDString = 60336C712D04AE89003435C4;
			remoteInfo = TipCalculatorMac;
		};
		60FCDAE52D2ABFAA00B53883 /* PBXContainerItemProxy */ = {
			isa = PBXContainerItemProxy;
			containerPortal = 60336C6A2D04AE89003435C4 /* Project object */;
			proxyType = 1;
			remoteGlobalIDString = 60FCDAD22D2ABFA800B53883;
			remoteInfo = tipcalculatorios;
		};
		60FCDAEF2D2ABFAB00B53883 /* PBXContainerItemProxy */ = {
			isa = PBXContainerItemProxy;
			containerPortal = 60336C6A2D04AE89003435C4 /* Project object */;
			proxyType = 1;
			remoteGlobalIDString = 60FCDAD22D2ABFA800B53883;
			remoteInfo = tipcalculatorios;
		};
/* End PBXContainerItemProxy section */

/* Begin PBXFileReference section */
		60336C722D04AE89003435C4 /* TipCalculatorMac.app */ = {isa = PBXFileReference; explicitFileType = wrapper.application; includeInIndex = 0; path = TipCalculatorMac.app; sourceTree = BUILT_PRODUCTS_DIR; };
		60336C852D04AE8C003435C4 /* TipCalculatorMacTests.xctest */ = {isa = PBXFileReference; explicitFileType = wrapper.cfbundle; includeInIndex = 0; path = TipCalculatorMacTests.xctest; sourceTree = BUILT_PRODUCTS_DIR; };
		60336C8F2D04AE8C003435C4 /* TipCalculatorMacUITests.xctest */ = {isa = PBXFileReference; explicitFileType = wrapper.cfbundle; includeInIndex = 0; path = TipCalculatorMacUITests.xctest; sourceTree = BUILT_PRODUCTS_DIR; };
		60FCDAD32D2ABFA800B53883 /* TipCalculatorIOS.app */ = {isa = PBXFileReference; explicitFileType = wrapper.application; includeInIndex = 0; path = TipCalculatorIOS.app; sourceTree = BUILT_PRODUCTS_DIR; };
		60FCDAE42D2ABFAA00B53883 /* tipcalculatoriosTests.xctest */ = {isa = PBXFileReference; explicitFileType = wrapper.cfbundle; includeInIndex = 0; path = tipcalculatoriosTests.xctest; sourceTree = BUILT_PRODUCTS_DIR; };
		60FCDAEE2D2ABFAB00B53883 /* tipcalculatoriosUITests.xctest */ = {isa = PBXFileReference; explicitFileType = wrapper.cfbundle; includeInIndex = 0; path = tipcalculatoriosUITests.xctest; sourceTree = BUILT_PRODUCTS_DIR; };
/* End PBXFileReference section */

/* Begin PBXFileSystemSynchronizedBuildFileExceptionSet section */
		60FCDB002D2AC18500B53883 /* Exceptions for "TipCalculatorMac" folder in "TipCalculatorIOS" target */ = {
			isa = PBXFileSystemSynchronizedBuildFileExceptionSet;
			platformFiltersByRelativePath = {
				Assets.xcassets = (ios, );
				BillRow.swift = (ios, );
				BillViewModel.swift = (ios, );
				ContentView.swift = (ios, );
				Item.swift = (ios, );
				"Preview Content/Preview Assets.xcassets" = (ios, );
				TipCalculatorMacApp.swift = (ios, );
			};
			target = 60FCDAD22D2ABFA800B53883 /* TipCalculatorIOS */;
		};
		60FCDB082D2AC68200B53883 /* Exceptions for "TipCalculatorMac" folder in "TipCalculatorMac" target */ = {
			isa = PBXFileSystemSynchronizedBuildFileExceptionSet;
			platformFiltersByRelativePath = {
				Assets.xcassets = (macos, );
				BillRow.swift = (macos, );
				BillViewModel.swift = (macos, );
				ContentView.swift = (macos, );
				Item.swift = (macos, );
				"Preview Content/Preview Assets.xcassets" = (macos, );
				TipCalculatorMacApp.swift = (macos, );
			};
			target = 60336C712D04AE89003435C4 /* TipCalculatorMac */;
		};
		60FCDB092D2AD61500B53883 /* Exceptions for "tipcalculatorios" folder in "TipCalculatorIOS" target */ = {
			isa = PBXFileSystemSynchronizedBuildFileExceptionSet;
			membershipExceptions = (
				Assets.xcassets,
				ContentView.swift,
				Item.swift,
				"Preview Content/Preview Assets.xcassets",
				tipcalculatoriosApp.swift,
			);
			target = 60FCDAD22D2ABFA800B53883 /* TipCalculatorIOS */;
		};
/* End PBXFileSystemSynchronizedBuildFileExceptionSet section */

/* Begin PBXFileSystemSynchronizedRootGroup section */
		60336C742D04AE89003435C4 /* TipCalculatorMac */ = {
			isa = PBXFileSystemSynchronizedRootGroup;
			exceptions = (
				60FCDB082D2AC68200B53883 /* Exceptions for "TipCalculatorMac" folder in "TipCalculatorMac" target */,
				60FCDB002D2AC18500B53883 /* Exceptions for "TipCalculatorMac" folder in "TipCalculatorIOS" target */,
			);
			path = TipCalculatorMac;
			sourceTree = "<group>";
		};
		60336C882D04AE8C003435C4 /* TipCalculatorMacTests */ = {
			isa = PBXFileSystemSynchronizedRootGroup;
			path = TipCalculatorMacTests;
			sourceTree = "<group>";
		};
		60336C922D04AE8C003435C4 /* TipCalculatorMacUITests */ = {
			isa = PBXFileSystemSynchronizedRootGroup;
			path = TipCalculatorMacUITests;
			sourceTree = "<group>";
		};
		60FCDAD42D2ABFA800B53883 /* tipcalculatorios */ = {
			isa = PBXFileSystemSynchronizedRootGroup;
			exceptions = (
				60FCDB092D2AD61500B53883 /* Exceptions for "tipcalculatorios" folder in "TipCalculatorIOS" target */,
			);
			path = tipcalculatorios;
			sourceTree = "<group>";
		};
		60FCDAE72D2ABFAA00B53883 /* tipcalculatoriosTests */ = {
			isa = PBXFileSystemSynchronizedRootGroup;
			path = tipcalculatoriosTests;
			sourceTree = "<group>";
		};
		60FCDAF12D2ABFAB00B53883 /* tipcalculatoriosUITests */ = {
			isa = PBXFileSystemSynchronizedRootGroup;
			path = tipcalculatoriosUITests;
			sourceTree = "<group>";
		};
/* End PBXFileSystemSynchronizedRootGroup section */

/* Begin PBXFrameworksBuildPhase section */
		60336C6F2D04AE89003435C4 /* Frameworks */ = {
			isa = PBXFrameworksBuildPhase;
			buildActionMask = 2147483647;
			files = (
			);
			runOnlyForDeploymentPostprocessing = 0;
		};
		60336C822D04AE8C003435C4 /* Frameworks */ = {
			isa = PBXFrameworksBuildPhase;
			buildActionMask = 2147483647;
			files = (
			);
			runOnlyForDeploymentPostprocessing = 0;
		};
		60336C8C2D04AE8C003435C4 /* Frameworks */ = {
			isa = PBXFrameworksBuildPhase;
			buildActionMask = 2147483647;
			files = (
			);
			runOnlyForDeploymentPostprocessing = 0;
		};
		60FCDAD02D2ABFA800B53883 /* Frameworks */ = {
			isa = PBXFrameworksBuildPhase;
			buildActionMask = 2147483647;
			files = (
			);
			runOnlyForDeploymentPostprocessing = 0;
		};
		60FCDAE12D2ABFAA00B53883 /* Frameworks */ = {
			isa = PBXFrameworksBuildPhase;
			buildActionMask = 2147483647;
			files = (
			);
			runOnlyForDeploymentPostprocessing = 0;
		};
		60FCDAEB2D2ABFAB00B53883 /* Frameworks */ = {
			isa = PBXFrameworksBuildPhase;
			buildActionMask = 2147483647;
			files = (
			);
			runOnlyForDeploymentPostprocessing = 0;
		};
/* End PBXFrameworksBuildPhase section */

/* Begin PBXGroup section */
		60336C692D04AE89003435C4 = {
			isa = PBXGroup;
			children = (
				60336C742D04AE89003435C4 /* TipCalculatorMac */,
				60336C882D04AE8C003435C4 /* TipCalculatorMacTests */,
				60336C922D04AE8C003435C4 /* TipCalculatorMacUITests */,
				60FCDAD42D2ABFA800B53883 /* tipcalculatorios */,
				60FCDAE72D2ABFAA00B53883 /* tipcalculatoriosTests */,
				60FCDAF12D2ABFAB00B53883 /* tipcalculatoriosUITests */,
				60336C732D04AE89003435C4 /* Products */,
			);
			sourceTree = "<group>";
		};
		60336C732D04AE89003435C4 /* Products */ = {
			isa = PBXGroup;
			children = (
				60336C722D04AE89003435C4 /* TipCalculatorMac.app */,
				60336C852D04AE8C003435C4 /* TipCalculatorMacTests.xctest */,
				60336C8F2D04AE8C003435C4 /* TipCalculatorMacUITests.xctest */,
				60FCDAD32D2ABFA800B53883 /* TipCalculatorIOS.app */,
				60FCDAE42D2ABFAA00B53883 /* tipcalculatoriosTests.xctest */,
				60FCDAEE2D2ABFAB00B53883 /* tipcalculatoriosUITests.xctest */,
			);
			name = Products;
			sourceTree = "<group>";
		};
/* End PBXGroup section */

/* Begin PBXNativeTarget section */
		60336C712D04AE89003435C4 /* TipCalculatorMac */ = {
			isa = PBXNativeTarget;
			buildConfigurationList = 60336C992D04AE8C003435C4 /* Build configuration list for PBXNativeTarget "TipCalculatorMac" */;
			buildPhases = (
				60336C6E2D04AE89003435C4 /* Sources */,
				60336C6F2D04AE89003435C4 /* Frameworks */,
				60336C702D04AE89003435C4 /* Resources */,
			);
			buildRules = (
			);
			dependencies = (
			);
			fileSystemSynchronizedGroups = (
				60336C742D04AE89003435C4 /* TipCalculatorMac */,
			);
			name = TipCalculatorMac;
			packageProductDependencies = (
			);
			productName = TipCalculatorMac;
			productReference = 60336C722D04AE89003435C4 /* TipCalculatorMac.app */;
			productType = "com.apple.product-type.application";
		};
		60336C842D04AE8C003435C4 /* TipCalculatorMacTests */ = {
			isa = PBXNativeTarget;
			buildConfigurationList = 60336C9C2D04AE8C003435C4 /* Build configuration list for PBXNativeTarget "TipCalculatorMacTests" */;
			buildPhases = (
				60336C812D04AE8C003435C4 /* Sources */,
				60336C822D04AE8C003435C4 /* Frameworks */,
				60336C832D04AE8C003435C4 /* Resources */,
			);
			buildRules = (
			);
			dependencies = (
				60336C872D04AE8C003435C4 /* PBXTargetDependency */,
			);
			fileSystemSynchronizedGroups = (
				60336C882D04AE8C003435C4 /* TipCalculatorMacTests */,
			);
			name = TipCalculatorMacTests;
			packageProductDependencies = (
			);
			productName = TipCalculatorMacTests;
			productReference = 60336C852D04AE8C003435C4 /* TipCalculatorMacTests.xctest */;
			productType = "com.apple.product-type.bundle.unit-test";
		};
		60336C8E2D04AE8C003435C4 /* TipCalculatorMacUITests */ = {
			isa = PBXNativeTarget;
			buildConfigurationList = 60336C9F2D04AE8C003435C4 /* Build configuration list for PBXNativeTarget "TipCalculatorMacUITests" */;
			buildPhases = (
				60336C8B2D04AE8C003435C4 /* Sources */,
				60336C8C2D04AE8C003435C4 /* Frameworks */,
				60336C8D2D04AE8C003435C4 /* Resources */,
			);
			buildRules = (
			);
			dependencies = (
				60336C912D04AE8C003435C4 /* PBXTargetDependency */,
			);
			fileSystemSynchronizedGroups = (
				60336C922D04AE8C003435C4 /* TipCalculatorMacUITests */,
			);
			name = TipCalculatorMacUITests;
			packageProductDependencies = (
			);
			productName = TipCalculatorMacUITests;
			productReference = 60336C8F2D04AE8C003435C4 /* TipCalculatorMacUITests.xctest */;
			productType = "com.apple.product-type.bundle.ui-testing";
		};
		60FCDAD22D2ABFA800B53883 /* TipCalculatorIOS */ = {
			isa = PBXNativeTarget;
			buildConfigurationList = 60FCDAFC2D2ABFAB00B53883 /* Build configuration list for PBXNativeTarget "TipCalculatorIOS" */;
			buildPhases = (
				60FCDACF2D2ABFA800B53883 /* Sources */,
				60FCDAD02D2ABFA800B53883 /* Frameworks */,
				60FCDAD12D2ABFA800B53883 /* Resources */,
			);
			buildRules = (
			);
			dependencies = (
			);
			fileSystemSynchronizedGroups = (
				60336C742D04AE89003435C4 /* TipCalculatorMac */,
				60FCDAD42D2ABFA800B53883 /* tipcalculatorios */,
			);
			name = TipCalculatorIOS;
			packageProductDependencies = (
			);
			productName = tipcalculatorios;
			productReference = 60FCDAD32D2ABFA800B53883 /* TipCalculatorIOS.app */;
			productType = "com.apple.product-type.application";
		};
		60FCDAE32D2ABFAA00B53883 /* tipcalculatoriosTests */ = {
			isa = PBXNativeTarget;
			buildConfigurationList = 60FCDAFD2D2ABFAB00B53883 /* Build configuration list for PBXNativeTarget "tipcalculatoriosTests" */;
			buildPhases = (
				60FCDAE02D2ABFAA00B53883 /* Sources */,
				60FCDAE12D2ABFAA00B53883 /* Frameworks */,
				60FCDAE22D2ABFAA00B53883 /* Resources */,
			);
			buildRules = (
			);
			dependencies = (
				60FCDAE62D2ABFAA00B53883 /* PBXTargetDependency */,
			);
			fileSystemSynchronizedGroups = (
				60FCDAE72D2ABFAA00B53883 /* tipcalculatoriosTests */,
			);
			name = tipcalculatoriosTests;
			packageProductDependencies = (
			);
			productName = tipcalculatoriosTests;
			productReference = 60FCDAE42D2ABFAA00B53883 /* tipcalculatoriosTests.xctest */;
			productType = "com.apple.product-type.bundle.unit-test";
		};
		60FCDAED2D2ABFAB00B53883 /* tipcalculatoriosUITests */ = {
			isa = PBXNativeTarget;
			buildConfigurationList = 60FCDAFE2D2ABFAB00B53883 /* Build configuration list for PBXNativeTarget "tipcalculatoriosUITests" */;
			buildPhases = (
				60FCDAEA2D2ABFAB00B53883 /* Sources */,
				60FCDAEB2D2ABFAB00B53883 /* Frameworks */,
				60FCDAEC2D2ABFAB00B53883 /* Resources */,
			);
			buildRules = (
			);
			dependencies = (
				60FCDAF02D2ABFAB00B53883 /* PBXTargetDependency */,
			);
			fileSystemSynchronizedGroups = (
				60FCDAF12D2ABFAB00B53883 /* tipcalculatoriosUITests */,
			);
			name = tipcalculatoriosUITests;
			packageProductDependencies = (
			);
			productName = tipcalculatoriosUITests;
			productReference = 60FCDAEE2D2ABFAB00B53883 /* tipcalculatoriosUITests.xctest */;
			productType = "com.apple.product-type.bundle.ui-testing";
		};
/* End PBXNativeTarget section */

/* Begin PBXProject section */
		60336C6A2D04AE89003435C4 /* Project object */ = {
			isa = PBXProject;
			attributes = {
				BuildIndependentTargetsInParallel = 1;
				LastSwiftUpdateCheck = 1620;
				LastUpgradeCheck = 1610;
				TargetAttributes = {
					60336C712D04AE89003435C4 = {
						CreatedOnToolsVersion = 16.1;
					};
					60336C842D04AE8C003435C4 = {
						CreatedOnToolsVersion = 16.1;
						TestTargetID = 60336C712D04AE89003435C4;
					};
					60336C8E2D04AE8C003435C4 = {
						CreatedOnToolsVersion = 16.1;
						TestTargetID = 60336C712D04AE89003435C4;
					};
					60FCDAD22D2ABFA800B53883 = {
						CreatedOnToolsVersion = 16.2;
					};
					60FCDAE32D2ABFAA00B53883 = {
						CreatedOnToolsVersion = 16.2;
						TestTargetID = 60FCDAD22D2ABFA800B53883;
					};
					60FCDAED2D2ABFAB00B53883 = {
						CreatedOnToolsVersion = 16.2;
						TestTargetID = 60FCDAD22D2ABFA800B53883;
					};
				};
			};
			buildConfigurationList = 60336C6D2D04AE89003435C4 /* Build configuration list for PBXProject "TipCalculatorMac" */;
			developmentRegion = en;
			hasScannedForEncodings = 0;
			knownRegions = (
				en,
				Base,
			);
			mainGroup = 60336C692D04AE89003435C4;
			minimizedProjectReferenceProxies = 1;
			preferredProjectObjectVersion = 77;
			productRefGroup = 60336C732D04AE89003435C4 /* Products */;
			projectDirPath = "";
			projectRoot = "";
			targets = (
				60336C712D04AE89003435C4 /* TipCalculatorMac */,
				60336C842D04AE8C003435C4 /* TipCalculatorMacTests */,
				60336C8E2D04AE8C003435C4 /* TipCalculatorMacUITests */,
				60FCDAD22D2ABFA800B53883 /* TipCalculatorIOS */,
				60FCDAE32D2ABFAA00B53883 /* tipcalculatoriosTests */,
				60FCDAED2D2ABFAB00B53883 /* tipcalculatoriosUITests */,
			);
		};
/* End PBXProject section */

/* Begin PBXResourcesBuildPhase section */
		60336C702D04AE89003435C4 /* Resources */ = {
			isa = PBXResourcesBuildPhase;
			buildActionMask = 2147483647;
			files = (
			);
			runOnlyForDeploymentPostprocessing = 0;
		};
		60336C832D04AE8C003435C4 /* Resources */ = {
			isa = PBXResourcesBuildPhase;
			buildActionMask = 2147483647;
			files = (
			);
			runOnlyForDeploymentPostprocessing = 0;
		};
		60336C8D2D04AE8C003435C4 /* Resources */ = {
			isa = PBXResourcesBuildPhase;
			buildActionMask = 2147483647;
			files = (
			);
			runOnlyForDeploymentPostprocessing = 0;
		};
		60FCDAD12D2ABFA800B53883 /* Resources */ = {
			isa = PBXResourcesBuildPhase;
			buildActionMask = 2147483647;
			files = (
			);
			runOnlyForDeploymentPostprocessing = 0;
		};
		60FCDAE22D2ABFAA00B53883 /* Resources */ = {
			isa = PBXResourcesBuildPhase;
			buildActionMask = 2147483647;
			files = (
			);
			runOnlyForDeploymentPostprocessing = 0;
		};
		60FCDAEC2D2ABFAB00B53883 /* Resources */ = {
			isa = PBXResourcesBuildPhase;
			buildActionMask = 2147483647;
			files = (
			);
			runOnlyForDeploymentPostprocessing = 0;
		};
/* End PBXResourcesBuildPhase section */

/* Begin PBXSourcesBuildPhase section */
		60336C6E2D04AE89003435C4 /* Sources */ = {
			isa = PBXSourcesBuildPhase;
			buildActionMask = 2147483647;
			files = (
			);
			runOnlyForDeploymentPostprocessing = 0;
		};
		60336C812D04AE8C003435C4 /* Sources */ = {
			isa = PBXSourcesBuildPhase;
			buildActionMask = 2147483647;
			files = (
			);
			runOnlyForDeploymentPostprocessing = 0;
		};
		60336C8B2D04AE8C003435C4 /* Sources */ = {
			isa = PBXSourcesBuildPhase;
			buildActionMask = 2147483647;
			files = (
			);
			runOnlyForDeploymentPostprocessing = 0;
		};
		60FCDACF2D2ABFA800B53883 /* Sources */ = {
			isa = PBXSourcesBuildPhase;
			buildActionMask = 2147483647;
			files = (
			);
			runOnlyForDeploymentPostprocessing = 0;
		};
		60FCDAE02D2ABFAA00B53883 /* Sources */ = {
			isa = PBXSourcesBuildPhase;
			buildActionMask = 2147483647;
			files = (
			);
			runOnlyForDeploymentPostprocessing = 0;
		};
		60FCDAEA2D2ABFAB00B53883 /* Sources */ = {
			isa = PBXSourcesBuildPhase;
			buildActionMask = 2147483647;
			files = (
			);
			runOnlyForDeploymentPostprocessing = 0;
		};
/* End PBXSourcesBuildPhase section */

/* Begin PBXTargetDependency section */
		60336C872D04AE8C003435C4 /* PBXTargetDependency */ = {
			isa = PBXTargetDependency;
			target = 60336C712D04AE89003435C4 /* TipCalculatorMac */;
			targetProxy = 60336C862D04AE8C003435C4 /* PBXContainerItemProxy */;
		};
		60336C912D04AE8C003435C4 /* PBXTargetDependency */ = {
			isa = PBXTargetDependency;
			target = 60336C712D04AE89003435C4 /* TipCalculatorMac */;
			targetProxy = 60336C902D04AE8C003435C4 /* PBXContainerItemProxy */;
		};
		60FCDAE62D2ABFAA00B53883 /* PBXTargetDependency */ = {
			isa = PBXTargetDependency;
			target = 60FCDAD22D2ABFA800B53883 /* TipCalculatorIOS */;
			targetProxy = 60FCDAE52D2ABFAA00B53883 /* PBXContainerItemProxy */;
		};
		60FCDAF02D2ABFAB00B53883 /* PBXTargetDependency */ = {
			isa = PBXTargetDependency;
			target = 60FCDAD22D2ABFA800B53883 /* TipCalculatorIOS */;
			targetProxy = 60FCDAEF2D2ABFAB00B53883 /* PBXContainerItemProxy */;
		};
/* End PBXTargetDependency section */

/* Begin XCBuildConfiguration section */
		60336C972D04AE8C003435C4 /* Debug */ = {
			isa = XCBuildConfiguration;
			buildSettings = {
				ALWAYS_SEARCH_USER_PATHS = NO;
				ASSETCATALOG_COMPILER_GENERATE_SWIFT_ASSET_SYMBOL_EXTENSIONS = YES;
				CLANG_ANALYZER_NONNULL = YES;
				CLANG_ANALYZER_NUMBER_OBJECT_CONVERSION = YES_AGGRESSIVE;
				CLANG_CXX_LANGUAGE_STANDARD = "gnu++20";
				CLANG_ENABLE_MODULES = YES;
				CLANG_ENABLE_OBJC_ARC = YES;
				CLANG_ENABLE_OBJC_WEAK = YES;
				CLANG_WARN_BLOCK_CAPTURE_AUTORELEASING = YES;
				CLANG_WARN_BOOL_CONVERSION = YES;
				CLANG_WARN_COMMA = YES;
				CLANG_WARN_CONSTANT_CONVERSION = YES;
				CLANG_WARN_DEPRECATED_OBJC_IMPLEMENTATIONS = YES;
				CLANG_WARN_DIRECT_OBJC_ISA_USAGE = YES_ERROR;
				CLANG_WARN_DOCUMENTATION_COMMENTS = YES;
				CLANG_WARN_EMPTY_BODY = YES;
				CLANG_WARN_ENUM_CONVERSION = YES;
				CLANG_WARN_INFINITE_RECURSION = YES;
				CLANG_WARN_INT_CONVERSION = YES;
				CLANG_WARN_NON_LITERAL_NULL_CONVERSION = YES;
				CLANG_WARN_OBJC_IMPLICIT_RETAIN_SELF = YES;
				CLANG_WARN_OBJC_LITERAL_CONVERSION = YES;
				CLANG_WARN_OBJC_ROOT_CLASS = YES_ERROR;
				CLANG_WARN_QUOTED_INCLUDE_IN_FRAMEWORK_HEADER = YES;
				CLANG_WARN_RANGE_LOOP_ANALYSIS = YES;
				CLANG_WARN_STRICT_PROTOTYPES = YES;
				CLANG_WARN_SUSPICIOUS_MOVE = YES;
				CLANG_WARN_UNGUARDED_AVAILABILITY = YES_AGGRESSIVE;
				CLANG_WARN_UNREACHABLE_CODE = YES;
				CLANG_WARN__DUPLICATE_METHOD_MATCH = YES;
				COPY_PHASE_STRIP = NO;
				DEBUG_INFORMATION_FORMAT = dwarf;
				ENABLE_STRICT_OBJC_MSGSEND = YES;
				ENABLE_TESTABILITY = YES;
				ENABLE_USER_SCRIPT_SANDBOXING = YES;
				GCC_C_LANGUAGE_STANDARD = gnu17;
				GCC_DYNAMIC_NO_PIC = NO;
				GCC_NO_COMMON_BLOCKS = YES;
				GCC_OPTIMIZATION_LEVEL = 0;
				GCC_PREPROCESSOR_DEFINITIONS = (
					"DEBUG=1",
					"$(inherited)",
				);
				GCC_WARN_64_TO_32_BIT_CONVERSION = YES;
				GCC_WARN_ABOUT_RETURN_TYPE = YES_ERROR;
				GCC_WARN_UNDECLARED_SELECTOR = YES;
				GCC_WARN_UNINITIALIZED_AUTOS = YES_AGGRESSIVE;
				GCC_WARN_UNUSED_FUNCTION = YES;
				GCC_WARN_UNUSED_VARIABLE = YES;
				LOCALIZATION_PREFERS_STRING_CATALOGS = YES;
				MACOSX_DEPLOYMENT_TARGET = 15.1;
				MTL_ENABLE_DEBUG_INFO = INCLUDE_SOURCE;
				MTL_FAST_MATH = YES;
				ONLY_ACTIVE_ARCH = YES;
				SDKROOT = macosx;
				SWIFT_ACTIVE_COMPILATION_CONDITIONS = "DEBUG $(inherited)";
				SWIFT_OPTIMIZATION_LEVEL = "-Onone";
			};
			name = Debug;
		};
		60336C982D04AE8C003435C4 /* Release */ = {
			isa = XCBuildConfiguration;
			buildSettings = {
				ALWAYS_SEARCH_USER_PATHS = NO;
				ASSETCATALOG_COMPILER_GENERATE_SWIFT_ASSET_SYMBOL_EXTENSIONS = YES;
				CLANG_ANALYZER_NONNULL = YES;
				CLANG_ANALYZER_NUMBER_OBJECT_CONVERSION = YES_AGGRESSIVE;
				CLANG_CXX_LANGUAGE_STANDARD = "gnu++20";
				CLANG_ENABLE_MODULES = YES;
				CLANG_ENABLE_OBJC_ARC = YES;
				CLANG_ENABLE_OBJC_WEAK = YES;
				CLANG_WARN_BLOCK_CAPTURE_AUTORELEASING = YES;
				CLANG_WARN_BOOL_CONVERSION = YES;
				CLANG_WARN_COMMA = YES;
				CLANG_WARN_CONSTANT_CONVERSION = YES;
				CLANG_WARN_DEPRECATED_OBJC_IMPLEMENTATIONS = YES;
				CLANG_WARN_DIRECT_OBJC_ISA_USAGE = YES_ERROR;
				CLANG_WARN_DOCUMENTATION_COMMENTS = YES;
				CLANG_WARN_EMPTY_BODY = YES;
				CLANG_WARN_ENUM_CONVERSION = YES;
				CLANG_WARN_INFINITE_RECURSION = YES;
				CLANG_WARN_INT_CONVERSION = YES;
				CLANG_WARN_NON_LITERAL_NULL_CONVERSION = YES;
				CLANG_WARN_OBJC_IMPLICIT_RETAIN_SELF = YES;
				CLANG_WARN_OBJC_LITERAL_CONVERSION = YES;
				CLANG_WARN_OBJC_ROOT_CLASS = YES_ERROR;
				CLANG_WARN_QUOTED_INCLUDE_IN_FRAMEWORK_HEADER = YES;
				CLANG_WARN_RANGE_LOOP_ANALYSIS = YES;
				CLANG_WARN_STRICT_PROTOTYPES = YES;
				CLANG_WARN_SUSPICIOUS_MOVE = YES;
				CLANG_WARN_UNGUARDED_AVAILABILITY = YES_AGGRESSIVE;
				CLANG_WARN_UNREACHABLE_CODE = YES;
				CLANG_WARN__DUPLICATE_METHOD_MATCH = YES;
				COPY_PHASE_STRIP = NO;
				DEBUG_INFORMATION_FORMAT = "dwarf-with-dsym";
				ENABLE_NS_ASSERTIONS = NO;
				ENABLE_STRICT_OBJC_MSGSEND = YES;
				ENABLE_USER_SCRIPT_SANDBOXING = YES;
				GCC_C_LANGUAGE_STANDARD = gnu17;
				GCC_NO_COMMON_BLOCKS = YES;
				GCC_WARN_64_TO_32_BIT_CONVERSION = YES;
				GCC_WARN_ABOUT_RETURN_TYPE = YES_ERROR;
				GCC_WARN_UNDECLARED_SELECTOR = YES;
				GCC_WARN_UNINITIALIZED_AUTOS = YES_AGGRESSIVE;
				GCC_WARN_UNUSED_FUNCTION = YES;
				GCC_WARN_UNUSED_VARIABLE = YES;
				LOCALIZATION_PREFERS_STRING_CATALOGS = YES;
				MACOSX_DEPLOYMENT_TARGET = 15.1;
				MTL_ENABLE_DEBUG_INFO = NO;
				MTL_FAST_MATH = YES;
				SDKROOT = macosx;
				SWIFT_COMPILATION_MODE = wholemodule;
			};
			name = Release;
		};
		60336C9A2D04AE8C003435C4 /* Debug */ = {
			isa = XCBuildConfiguration;
			buildSettings = {
				ASSETCATALOG_COMPILER_APPICON_NAME = AppIcon;
				ASSETCATALOG_COMPILER_GLOBAL_ACCENT_COLOR_NAME = AccentColor;
				CODE_SIGN_ENTITLEMENTS = TipCalculatorMac/TipCalculatorMac.entitlements;
				"CODE_SIGN_IDENTITY[sdk=macosx*]" = "Apple Development";
				CODE_SIGN_STYLE = Automatic;
				COMBINE_HIDPI_IMAGES = YES;
				CURRENT_PROJECT_VERSION = 1;
				DEVELOPMENT_ASSET_PATHS = "\"TipCalculatorMac/Preview Content\"";
				DEVELOPMENT_TEAM = 6S3V89FF6T;
				ENABLE_HARDENED_RUNTIME = YES;
				ENABLE_PREVIEWS = YES;
				GENERATE_INFOPLIST_FILE = YES;
				INFOPLIST_KEY_NSHumanReadableCopyright = "";
				LD_RUNPATH_SEARCH_PATHS = (
					"$(inherited)",
					"@executable_path/../Frameworks",
				);
				MACOSX_DEPLOYMENT_TARGET = 14.0;
				MARKETING_VERSION = 1.0;
				PRODUCT_BUNDLE_IDENTIFIER = romw.TipCalculatorMac;
				PRODUCT_NAME = "$(TARGET_NAME)";
				SWIFT_EMIT_LOC_STRINGS = YES;
				SWIFT_VERSION = 5.0;
			};
			name = Debug;
		};
		60336C9B2D04AE8C003435C4 /* Release */ = {
			isa = XCBuildConfiguration;
			buildSettings = {
				ASSETCATALOG_COMPILER_APPICON_NAME = AppIcon;
				ASSETCATALOG_COMPILER_GLOBAL_ACCENT_COLOR_NAME = AccentColor;
				CODE_SIGN_ENTITLEMENTS = TipCalculatorMac/TipCalculatorMac.entitlements;
				"CODE_SIGN_IDENTITY[sdk=macosx*]" = "Apple Development";
				CODE_SIGN_STYLE = Automatic;
				COMBINE_HIDPI_IMAGES = YES;
				CURRENT_PROJECT_VERSION = 1;
				DEVELOPMENT_ASSET_PATHS = "\"TipCalculatorMac/Preview Content\"";
				DEVELOPMENT_TEAM = 6S3V89FF6T;
				ENABLE_HARDENED_RUNTIME = YES;
				ENABLE_PREVIEWS = YES;
				GENERATE_INFOPLIST_FILE = YES;
				INFOPLIST_KEY_NSHumanReadableCopyright = "";
				LD_RUNPATH_SEARCH_PATHS = (
					"$(inherited)",
					"@executable_path/../Frameworks",
				);
				MACOSX_DEPLOYMENT_TARGET = 14.0;
				MARKETING_VERSION = 1.0;
				PRODUCT_BUNDLE_IDENTIFIER = romw.TipCalculatorMac;
				PRODUCT_NAME = "$(TARGET_NAME)";
				SWIFT_EMIT_LOC_STRINGS = YES;
				SWIFT_VERSION = 5.0;
			};
			name = Release;
		};
		60336C9D2D04AE8C003435C4 /* Debug */ = {
			isa = XCBuildConfiguration;
			buildSettings = {
				BUNDLE_LOADER = "$(TEST_HOST)";
				CODE_SIGN_STYLE = Automatic;
				CURRENT_PROJECT_VERSION = 1;
				DEVELOPMENT_TEAM = 6S3V89FF6T;
				GENERATE_INFOPLIST_FILE = YES;
				MACOSX_DEPLOYMENT_TARGET = 14.0;
				MARKETING_VERSION = 1.0;
				PRODUCT_BUNDLE_IDENTIFIER = romw.TipCalculatorMacTests;
				PRODUCT_NAME = "$(TARGET_NAME)";
				SWIFT_EMIT_LOC_STRINGS = NO;
				SWIFT_VERSION = 5.0;
				TEST_HOST = "$(BUILT_PRODUCTS_DIR)/TipCalculatorMac.app/$(BUNDLE_EXECUTABLE_FOLDER_PATH)/TipCalculatorMac";
			};
			name = Debug;
		};
		60336C9E2D04AE8C003435C4 /* Release */ = {
			isa = XCBuildConfiguration;
			buildSettings = {
				BUNDLE_LOADER = "$(TEST_HOST)";
				CODE_SIGN_STYLE = Automatic;
				CURRENT_PROJECT_VERSION = 1;
				DEVELOPMENT_TEAM = 6S3V89FF6T;
				GENERATE_INFOPLIST_FILE = YES;
				MACOSX_DEPLOYMENT_TARGET = 14.0;
				MARKETING_VERSION = 1.0;
				PRODUCT_BUNDLE_IDENTIFIER = romw.TipCalculatorMacTests;
				PRODUCT_NAME = "$(TARGET_NAME)";
				SWIFT_EMIT_LOC_STRINGS = NO;
				SWIFT_VERSION = 5.0;
				TEST_HOST = "$(BUILT_PRODUCTS_DIR)/TipCalculatorMac.app/$(BUNDLE_EXECUTABLE_FOLDER_PATH)/TipCalculatorMac";
			};
			name = Release;
		};
		60336CA02D04AE8C003435C4 /* Debug */ = {
			isa = XCBuildConfiguration;
			buildSettings = {
				CODE_SIGN_STYLE = Automatic;
				CURRENT_PROJECT_VERSION = 1;
				DEVELOPMENT_TEAM = 6S3V89FF6T;
				GENERATE_INFOPLIST_FILE = YES;
				MARKETING_VERSION = 1.0;
				PRODUCT_BUNDLE_IDENTIFIER = romw.TipCalculatorMacUITests;
				PRODUCT_NAME = "$(TARGET_NAME)";
				SWIFT_EMIT_LOC_STRINGS = NO;
				SWIFT_VERSION = 5.0;
				TEST_TARGET_NAME = TipCalculatorMac;
			};
			name = Debug;
		};
		60336CA12D04AE8C003435C4 /* Release */ = {
			isa = XCBuildConfiguration;
			buildSettings = {
				CODE_SIGN_STYLE = Automatic;
				CURRENT_PROJECT_VERSION = 1;
				DEVELOPMENT_TEAM = 6S3V89FF6T;
				GENERATE_INFOPLIST_FILE = YES;
				MARKETING_VERSION = 1.0;
				PRODUCT_BUNDLE_IDENTIFIER = romw.TipCalculatorMacUITests;
				PRODUCT_NAME = "$(TARGET_NAME)";
				SWIFT_EMIT_LOC_STRINGS = NO;
				SWIFT_VERSION = 5.0;
				TEST_TARGET_NAME = TipCalculatorMac;
			};
			name = Release;
		};
		60FCDAF62D2ABFAB00B53883 /* Debug */ = {
			isa = XCBuildConfiguration;
			buildSettings = {
				ASSETCATALOG_COMPILER_APPICON_NAME = AppIcon;
				ASSETCATALOG_COMPILER_GLOBAL_ACCENT_COLOR_NAME = AccentColor;
				CODE_SIGN_STYLE = Automatic;
				CURRENT_PROJECT_VERSION = 1;
				DEVELOPMENT_ASSET_PATHS = "\"tipcalculatorios/Preview Content\"";
				DEVELOPMENT_TEAM = 6S3V89FF6T;
				ENABLE_PREVIEWS = YES;
				GENERATE_INFOPLIST_FILE = YES;
				INFOPLIST_KEY_UIApplicationSceneManifest_Generation = YES;
				INFOPLIST_KEY_UIApplicationSupportsIndirectInputEvents = YES;
				INFOPLIST_KEY_UILaunchScreen_Generation = YES;
				INFOPLIST_KEY_UISupportedInterfaceOrientations_iPad = "UIInterfaceOrientationPortrait UIInterfaceOrientationPortraitUpsideDown UIInterfaceOrientationLandscapeLeft UIInterfaceOrientationLandscapeRight";
				INFOPLIST_KEY_UISupportedInterfaceOrientations_iPhone = "UIInterfaceOrientationPortrait UIInterfaceOrientationLandscapeLeft UIInterfaceOrientationLandscapeRight";
				IPHONEOS_DEPLOYMENT_TARGET = 18.2;
				LD_RUNPATH_SEARCH_PATHS = (
					"$(inherited)",
					"@executable_path/Frameworks",
				);
				MARKETING_VERSION = 1.0;
				PRODUCT_BUNDLE_IDENTIFIER = romw.tipcalculatorios;
				PRODUCT_NAME = "$(TARGET_NAME)";
				SDKROOT = iphoneos;
				SWIFT_EMIT_LOC_STRINGS = YES;
				SWIFT_VERSION = 5.0;
				TARGETED_DEVICE_FAMILY = "1,2";
			};
			name = Debug;
		};
		60FCDAF72D2ABFAB00B53883 /* Release */ = {
			isa = XCBuildConfiguration;
			buildSettings = {
				ASSETCATALOG_COMPILER_APPICON_NAME = AppIcon;
				ASSETCATALOG_COMPILER_GLOBAL_ACCENT_COLOR_NAME = AccentColor;
				CODE_SIGN_STYLE = Automatic;
				CURRENT_PROJECT_VERSION = 1;
				DEVELOPMENT_ASSET_PATHS = "\"tipcalculatorios/Preview Content\"";
				DEVELOPMENT_TEAM = 6S3V89FF6T;
				ENABLE_PREVIEWS = YES;
				GENERATE_INFOPLIST_FILE = YES;
				INFOPLIST_KEY_UIApplicationSceneManifest_Generation = YES;
				INFOPLIST_KEY_UIApplicationSupportsIndirectInputEvents = YES;
				INFOPLIST_KEY_UILaunchScreen_Generation = YES;
				INFOPLIST_KEY_UISupportedInterfaceOrientations_iPad = "UIInterfaceOrientationPortrait UIInterfaceOrientationPortraitUpsideDown UIInterfaceOrientationLandscapeLeft UIInterfaceOrientationLandscapeRight";
				INFOPLIST_KEY_UISupportedInterfaceOrientations_iPhone = "UIInterfaceOrientationPortrait UIInterfaceOrientationLandscapeLeft UIInterfaceOrientationLandscapeRight";
				IPHONEOS_DEPLOYMENT_TARGET = 18.2;
				LD_RUNPATH_SEARCH_PATHS = (
					"$(inherited)",
					"@executable_path/Frameworks",
				);
				MARKETING_VERSION = 1.0;
				PRODUCT_BUNDLE_IDENTIFIER = romw.tipcalculatorios;
				PRODUCT_NAME = "$(TARGET_NAME)";
				SDKROOT = iphoneos;
				SWIFT_EMIT_LOC_STRINGS = YES;
				SWIFT_VERSION = 5.0;
				TARGETED_DEVICE_FAMILY = "1,2";
				VALIDATE_PRODUCT = YES;
			};
			name = Release;
		};
		60FCDAF82D2ABFAB00B53883 /* Debug */ = {
			isa = XCBuildConfiguration;
			buildSettings = {
				BUNDLE_LOADER = "$(TEST_HOST)";
				CODE_SIGN_STYLE = Automatic;
				CURRENT_PROJECT_VERSION = 1;
				DEVELOPMENT_TEAM = 6S3V89FF6T;
				GENERATE_INFOPLIST_FILE = YES;
				IPHONEOS_DEPLOYMENT_TARGET = 18.2;
				MARKETING_VERSION = 1.0;
				PRODUCT_BUNDLE_IDENTIFIER = romw.tipcalculatoriosTests;
				PRODUCT_NAME = "$(TARGET_NAME)";
				SDKROOT = iphoneos;
				SWIFT_EMIT_LOC_STRINGS = NO;
				SWIFT_VERSION = 5.0;
				TARGETED_DEVICE_FAMILY = "1,2";
				TEST_HOST = "$(BUILT_PRODUCTS_DIR)/TipCalculatorIOS.app/$(BUNDLE_EXECUTABLE_FOLDER_PATH)/TipCalculatorIOS";
			};
			name = Debug;
		};
		60FCDAF92D2ABFAB00B53883 /* Release */ = {
			isa = XCBuildConfiguration;
			buildSettings = {
				BUNDLE_LOADER = "$(TEST_HOST)";
				CODE_SIGN_STYLE = Automatic;
				CURRENT_PROJECT_VERSION = 1;
				DEVELOPMENT_TEAM = 6S3V89FF6T;
				GENERATE_INFOPLIST_FILE = YES;
				IPHONEOS_DEPLOYMENT_TARGET = 18.2;
				MARKETING_VERSION = 1.0;
				PRODUCT_BUNDLE_IDENTIFIER = romw.tipcalculatoriosTests;
				PRODUCT_NAME = "$(TARGET_NAME)";
				SDKROOT = iphoneos;
				SWIFT_EMIT_LOC_STRINGS = NO;
				SWIFT_VERSION = 5.0;
				TARGETED_DEVICE_FAMILY = "1,2";
				TEST_HOST = "$(BUILT_PRODUCTS_DIR)/TipCalculatorIOS.app/$(BUNDLE_EXECUTABLE_FOLDER_PATH)/TipCalculatorIOS";
				VALIDATE_PRODUCT = YES;
			};
			name = Release;
		};
		60FCDAFA2D2ABFAB00B53883 /* Debug */ = {
			isa = XCBuildConfiguration;
			buildSettings = {
				CODE_SIGN_STYLE = Automatic;
				CURRENT_PROJECT_VERSION = 1;
				DEVELOPMENT_TEAM = 6S3V89FF6T;
				GENERATE_INFOPLIST_FILE = YES;
				IPHONEOS_DEPLOYMENT_TARGET = 18.2;
				MARKETING_VERSION = 1.0;
				PRODUCT_BUNDLE_IDENTIFIER = romw.tipcalculatoriosUITests;
				PRODUCT_NAME = "$(TARGET_NAME)";
				SDKROOT = iphoneos;
				SWIFT_EMIT_LOC_STRINGS = NO;
				SWIFT_VERSION = 5.0;
				TARGETED_DEVICE_FAMILY = "1,2";
				TEST_TARGET_NAME = tipcalculatorios;
			};
			name = Debug;
		};
		60FCDAFB2D2ABFAB00B53883 /* Release */ = {
			isa = XCBuildConfiguration;
			buildSettings = {
				CODE_SIGN_STYLE = Automatic;
				CURRENT_PROJECT_VERSION = 1;
				DEVELOPMENT_TEAM = 6S3V89FF6T;
				GENERATE_INFOPLIST_FILE = YES;
				IPHONEOS_DEPLOYMENT_TARGET = 18.2;
				MARKETING_VERSION = 1.0;
				PRODUCT_BUNDLE_IDENTIFIER = romw.tipcalculatoriosUITests;
				PRODUCT_NAME = "$(TARGET_NAME)";
				SDKROOT = iphoneos;
				SWIFT_EMIT_LOC_STRINGS = NO;
				SWIFT_VERSION = 5.0;
				TARGETED_DEVICE_FAMILY = "1,2";
				TEST_TARGET_NAME = tipcalculatorios;
				VALIDATE_PRODUCT = YES;
			};
			name = Release;
		};
/* End XCBuildConfiguration section */

/* Begin XCConfigurationList section */
		60336C6D2D04AE89003435C4 /* Build configuration list for PBXProject "TipCalculatorMac" */ = {
			isa = XCConfigurationList;
			buildConfigurations = (
				60336C972D04AE8C003435C4 /* Debug */,
				60336C982D04AE8C003435C4 /* Release */,
			);
			defaultConfigurationIsVisible = 0;
			defaultConfigurationName = Release;
		};
		60336C992D04AE8C003435C4 /* Build configuration list for PBXNativeTarget "TipCalculatorMac" */ = {
			isa = XCConfigurationList;
			buildConfigurations = (
				60336C9A2D04AE8C003435C4 /* Debug */,
				60336C9B2D04AE8C003435C4 /* Release */,
			);
			defaultConfigurationIsVisible = 0;
			defaultConfigurationName = Release;
		};
		60336C9C2D04AE8C003435C4 /* Build configuration list for PBXNativeTarget "TipCalculatorMacTests" */ = {
			isa = XCConfigurationList;
			buildConfigurations = (
				60336C9D2D04AE8C003435C4 /* Debug */,
				60336C9E2D04AE8C003435C4 /* Release */,
			);
			defaultConfigurationIsVisible = 0;
			defaultConfigurationName = Release;
		};
		60336C9F2D04AE8C003435C4 /* Build configuration list for PBXNativeTarget "TipCalculatorMacUITests" */ = {
			isa = XCConfigurationList;
			buildConfigurations = (
				60336CA02D04AE8C003435C4 /* Debug */,
				60336CA12D04AE8C003435C4 /* Release */,
			);
			defaultConfigurationIsVisible = 0;
			defaultConfigurationName = Release;
		};
		60FCDAFC2D2ABFAB00B53883 /* Build configuration list for PBXNativeTarget "TipCalculatorIOS" */ = {
			isa = XCConfigurationList;
			buildConfigurations = (
				60FCDAF62D2ABFAB00B53883 /* Debug */,
				60FCDAF72D2ABFAB00B53883 /* Release */,
			);
			defaultConfigurationIsVisible = 0;
			defaultConfigurationName = Release;
		};
		60FCDAFD2D2ABFAB00B53883 /* Build configuration list for PBXNativeTarget "tipcalculatoriosTests" */ = {
			isa = XCConfigurationList;
			buildConfigurations = (
				60FCDAF82D2ABFAB00B53883 /* Debug */,
				60FCDAF92D2ABFAB00B53883 /* Release */,
			);
			defaultConfigurationIsVisible = 0;
			defaultConfigurationName = Release;
		};
		60FCDAFE2D2ABFAB00B53883 /* Build configuration list for PBXNativeTarget "tipcalculatoriosUITests" */ = {
			isa = XCConfigurationList;
			buildConfigurations = (
				60FCDAFA2D2ABFAB00B53883 /* Debug */,
				60FCDAFB2D2ABFAB00B53883 /* Release */,
			);
			defaultConfigurationIsVisible = 0;
			defaultConfigurationName = Release;
		};
/* End XCConfigurationList section */
	};
	rootObject = 60336C6A2D04AE89003435C4 /* Project object */;
}
